
Microsoft Visual Studio Solution File, Format Version 12.00
# Visual Studio 15
VisualStudioVersion = 15.0.27703.2042
MinimumVisualStudioVersion = 10.0.40219.1
Project("{FAE04EC0-301F-11D3-BF4B-00C04F79EFBC}") = "BlogManagermentTool", "BlogManagermentTool\BlogManagermentTool.csproj", "{08AC0002-BA43-4945-A691-4CCEF1476DB0}"
EndProject
Project("{FAE04EC0-301F-11D3-BF4B-00C04F79EFBC}") = "LibCommon", "LibCommon\LibCommon.csproj", "{2FF2A8F5-06C4-431A-A533-9A3525B933E5}"
EndProject
Project("{FAE04EC0-301F-11D3-BF4B-00C04F79EFBC}") = "BlogManagermentService", "BlogManagermentService\BlogManagermentService.csproj", "{DBED6F7E-BD27-4DC7-B60B-0AB87CCF1DF7}"
EndProject
Project("{FAE04EC0-301F-11D3-BF4B-00C04F79EFBC}") = "BlogModel", "BlogModel\BlogModel.csproj", "{03A4C750-351C-4E19-B2CC-5A1281AA021C}"
EndProject
Global
	GlobalSection(SolutionConfigurationPlatforms) = preSolution
		Debug|Any CPU = Debug|Any CPU
		Release|Any CPU = Release|Any CPU
	EndGlobalSection
	GlobalSection(ProjectConfigurationPlatforms) = postSolution
		{08AC0002-BA43-4945-A691-4CCEF1476DB0}.Debug|Any CPU.ActiveCfg = Debug|Any CPU
		{08AC0002-BA43-4945-A691-4CCEF1476DB0}.Debug|Any CPU.Build.0 = Debug|Any CPU
		{08AC0002-BA43-4945-A691-4CCEF1476DB0}.Release|Any CPU.ActiveCfg = Release|Any CPU
		{08AC0002-BA43-4945-A691-4CCEF1476DB0}.Release|Any CPU.Build.0 = Release|Any CPU
		{2FF2A8F5-06C4-431A-A533-9A3525B933E5}.Debug|Any CPU.ActiveCfg = Debug|Any CPU
		{2FF2A8F5-06C4-431A-A533-9A3525B933E5}.Debug|Any CPU.Build.0 = Debug|Any CPU
		{2FF2A8F5-06C4-431A-A533-9A3525B933E5}.Release|Any CPU.ActiveCfg = Release|Any CPU
		{2FF2A8F5-06C4-431A-A533-9A3525B933E5}.Release|Any CPU.Build.0 = Release|Any CPU
		{DBED6F7E-BD27-4DC7-B60B-0AB87CCF1DF7}.Debug|Any CPU.ActiveCfg = Debug|Any CPU
		{DBED6F7E-BD27-4DC7-B60B-0AB87CCF1DF7}.Debug|Any CPU.Build.0 = Debug|Any CPU
		{DBED6F7E-BD27-4DC7-B60B-0AB87CCF1DF7}.Release|Any CPU.ActiveCfg = Release|Any CPU
		{DBED6F7E-BD27-4DC7-B60B-0AB87CCF1DF7}.Release|Any CPU.Build.0 = Release|Any CPU
		{03A4C750-351C-4E19-B2CC-5A1281AA021C}.Debug|Any CPU.ActiveCfg = Debug|Any CPU
		{03A4C750-351C-4E19-B2CC-5A1281AA021C}.Debug|Any CPU.Build.0 = Debug|Any CPU
		{03A4C750-351C-4E19-B2CC-5A1281AA021C}.Release|Any CPU.ActiveCfg = Release|Any CPU
		{03A4C750-351C-4E19-B2CC-5A1281AA021C}.Release|Any CPU.Build.0 = Release|Any CPU
	EndGlobalSection
	GlobalSection(SolutionProperties) = preSolution
		HideSolutionNode = FALSE
	EndGlobalSection
	GlobalSection(ExtensibilityGlobals) = postSolution
		SolutionGuid = {703133C9-4821-4594-90ED-753CAB7FE18C}
	EndGlobalSection
EndGlobal
